
Microsoft Visual Studio Solution File, Format Version 12.00
# Visual Studio Version 17
VisualStudioVersion = 17.8.34330.188
MinimumVisualStudioVersion = 10.0.40219.1
Project("{FAE04EC0-301F-11D3-BF4B-00C04F79EFBC}") = "AppHost", "AppHost.csproj", "{E3BCE10C-ADEC-4C0B-9081-DDFF49FCDDEB}"
EndProject
Global
	GlobalSection(SolutionConfigurationPlatforms) = preSolution
		Debug|Any CPU = Debug|Any CPU
		Release|Any CPU = Release|Any CPU
	EndGlobalSection
	GlobalSection(ProjectConfigurationPlatforms) = postSolution
		{E3BCE10C-ADEC-4C0B-9081-DDFF49FCDDEB}.Debug|Any CPU.ActiveCfg = Debug|Any CPU
		{E3BCE10C-ADEC-4C0B-9081-DDFF49FCDDEB}.Debug|Any CPU.Build.0 = Debug|Any CPU
		{E3BCE10C-ADEC-4C0B-9081-DDFF49FCDDEB}.Release|Any CPU.ActiveCfg = Release|Any CPU
		{E3BCE10C-ADEC-4C0B-9081-DDFF49FCDDEB}.Release|Any CPU.Build.0 = Release|Any CPU
	EndGlobalSection
	GlobalSection(SolutionProperties) = preSolution
		HideSolutionNode = FALSE
	EndGlobalSection
	GlobalSection(ExtensibilityGlobals) = postSolution
		SolutionGuid = {E6C840A0-00CF-4583-B79B-59401735E60C}
	EndGlobalSection
EndGlobal
